PODS:
  - Alamofire (5.5.0)
  - Amplitude (8.8.0):
    - AnalyticsConnector (~> 1.0.0)
  - Analytics (4.1.6)
  - AnalyticsConnector (1.0.0)
  - connectivity_plus (0.0.1):
    - Flutter
    - ReachabilitySwift
  - contacts_service (0.2.2):
    - Flutter
  - device_info (0.0.1):
    - Flutter
  - Flutter (1.0.0)
  - flutter_libphonenumber (0.0.1):
    - Flutter
    - PhoneNumberKit/PhoneNumberKitCore (~> 3.3.3)
  - flutter_phone_lib (0.0.1):
    - Flutter
    - PIL
  - flutter_segment (0.0.1):
    - Analytics (= 4.1.6)
    - Flutter
    - Segment-Amplitude (= 3.3.2)
  - iOSVoIPLib (0.1.0):
    - linphone-sdk (= 5.0.40)
  - le (1.2)
  - libphonenumber (0.0.1):
    - Flutter
    - libPhoneNumber-iOS
  - libPhoneNumber-iOS (0.9.15)
  - linphone-sdk (5.0.40):
    - linphone-sdk/all-frameworks (= 5.0.40)
    - linphone-sdk/app-extension (= 5.0.40)
    - linphone-sdk/app-extension-swift (= 5.0.40)
    - linphone-sdk/basic-frameworks (= 5.0.40)
    - linphone-sdk/swift (= 5.0.40)
  - linphone-sdk/all-frameworks (5.0.40)
  - linphone-sdk/app-extension (5.0.40)
  - linphone-sdk/app-extension-swift (5.0.40):
    - linphone-sdk/app-extension
  - linphone-sdk/basic-frameworks (5.0.40):
    - linphone-sdk/app-extension
  - linphone-sdk/swift (5.0.40):
    - linphone-sdk/app-extension-swift
    - linphone-sdk/basic-frameworks
  - native_shared_preferences (1.0.0):
    - Flutter
  - package_info (0.0.1):
    - Flutter
  - package_info_plus (0.4.5):
    - Flutter
  - path_provider_ios (0.0.1):
    - Flutter
  - "permission_handler (5.1.0+2)":
    - Flutter
  - PhoneNumberKit/PhoneNumberKitCore (3.3.4)
  - PIL (0.1.0):
    - iOSVoIPLib (~> 0.1.0)
    - Swinject (~> 2.7.1)
  - ReachabilitySwift (5.0.0)
  - Segment-Amplitude (3.3.2):
    - Amplitude (~> 8.3)
    - Analytics
  - Sentry (7.5.4):
    - Sentry/Core (= 7.5.4)
  - Sentry/Core (7.5.4)
  - sentry_flutter (0.0.1):
    - Flutter
    - FlutterMacOS
    - Sentry (~> 7.5.1)
  - shared_preferences_ios (0.0.1):
    - Flutter
  - sqlite3 (3.37.2):
    - sqlite3/common (= 3.37.2)
  - sqlite3/common (3.37.2)
  - sqlite3/fts5 (3.37.2):
    - sqlite3/common
  - sqlite3/json1 (3.37.2):
    - sqlite3/common
  - sqlite3/perf-threadsafe (3.37.2):
    - sqlite3/common
  - sqlite3/rtree (3.37.2):
    - sqlite3/common
  - sqlite3_flutter_libs (0.0.1):
    - Flutter
    - sqlite3 (~> 3.37.0)
    - sqlite3/fts5
    - sqlite3/json1
    - sqlite3/perf-threadsafe
    - sqlite3/rtree
  - Swinject (2.7.1)
  - url_launcher_ios (0.0.1):
    - Flutter
  - webview_flutter_wkwebview (0.0.1):
    - Flutter

DEPENDENCIES:
  - Alamofire (~> 5.4)
  - connectivity_plus (from `.symlinks/plugins/connectivity_plus/ios`)
  - contacts_service (from `.symlinks/plugins/contacts_service/ios`)
  - device_info (from `.symlinks/plugins/device_info/ios`)
  - Flutter (from `Flutter`)
  - flutter_libphonenumber (from `.symlinks/plugins/flutter_libphonenumber/ios`)
  - flutter_phone_lib (from `.symlinks/plugins/flutter_phone_lib/ios`)
  - flutter_segment (from `.symlinks/plugins/flutter_segment/ios`)
  - iOSVoIPLib (from `https://github.com/open-voip-alliance/iOS-Phone-Lib.git`)
  - le (from `https://github.com/LogentriesCommunity/le_ios.git`)
  - libphonenumber (from `.symlinks/plugins/libphonenumber/ios`)
  - native_shared_preferences (from `.symlinks/plugins/native_shared_preferences/ios`)
  - package_info (from `.symlinks/plugins/package_info/ios`)
  - package_info_plus (from `.symlinks/plugins/package_info_plus/ios`)
  - path_provider_ios (from `.symlinks/plugins/path_provider_ios/ios`)
  - permission_handler (from `.symlinks/plugins/permission_handler/ios`)
  - PIL (from `https://github.com/open-voip-alliance/iOS-Phone-Lib.git`)
  - sentry_flutter (from `.symlinks/plugins/sentry_flutter/ios`)
  - shared_preferences_ios (from `.symlinks/plugins/shared_preferences_ios/ios`)
  - sqlite3_flutter_libs (from `.symlinks/plugins/sqlite3_flutter_libs/ios`)
  - url_launcher_ios (from `.symlinks/plugins/url_launcher_ios/ios`)
  - webview_flutter_wkwebview (from `.symlinks/plugins/webview_flutter_wkwebview/ios`)

SPEC REPOS:
  https://github.com/CocoaPods/Specs.git:
    - Alamofire
    - Amplitude
    - Analytics
    - AnalyticsConnector
    - libPhoneNumber-iOS
    - PhoneNumberKit
    - ReachabilitySwift
    - Segment-Amplitude
    - Sentry
    - sqlite3
    - Swinject
  https://gitlab.linphone.org/BC/public/podspec.git:
    - linphone-sdk

EXTERNAL SOURCES:
  connectivity_plus:
    :path: ".symlinks/plugins/connectivity_plus/ios"
  contacts_service:
    :path: ".symlinks/plugins/contacts_service/ios"
  device_info:
    :path: ".symlinks/plugins/device_info/ios"
  Flutter:
    :path: Flutter
  flutter_libphonenumber:
    :path: ".symlinks/plugins/flutter_libphonenumber/ios"
  flutter_phone_lib:
    :path: ".symlinks/plugins/flutter_phone_lib/ios"
  flutter_segment:
    :path: ".symlinks/plugins/flutter_segment/ios"
  iOSVoIPLib:
    :git: https://github.com/open-voip-alliance/iOS-Phone-Lib.git
  le:
    :git: https://github.com/LogentriesCommunity/le_ios.git
  libphonenumber:
    :path: ".symlinks/plugins/libphonenumber/ios"
  native_shared_preferences:
    :path: ".symlinks/plugins/native_shared_preferences/ios"
  package_info:
    :path: ".symlinks/plugins/package_info/ios"
  package_info_plus:
    :path: ".symlinks/plugins/package_info_plus/ios"
  path_provider_ios:
    :path: ".symlinks/plugins/path_provider_ios/ios"
  permission_handler:
    :path: ".symlinks/plugins/permission_handler/ios"
  PIL:
    :git: https://github.com/open-voip-alliance/iOS-Phone-Lib.git
  sentry_flutter:
    :path: ".symlinks/plugins/sentry_flutter/ios"
  shared_preferences_ios:
    :path: ".symlinks/plugins/shared_preferences_ios/ios"
  sqlite3_flutter_libs:
    :path: ".symlinks/plugins/sqlite3_flutter_libs/ios"
  url_launcher_ios:
    :path: ".symlinks/plugins/url_launcher_ios/ios"
  webview_flutter_wkwebview:
    :path: ".symlinks/plugins/webview_flutter_wkwebview/ios"

CHECKOUT OPTIONS:
  iOSVoIPLib:
    :commit: 704de0d4f7464d870f1fd5936a9d42c0ed948b66
    :git: https://github.com/open-voip-alliance/iOS-Phone-Lib.git
  le:
    :commit: ce8800f6d3290e182d48082680679d64a05ca778
    :git: https://github.com/LogentriesCommunity/le_ios.git
  PIL:
    :commit: 704de0d4f7464d870f1fd5936a9d42c0ed948b66
    :git: https://github.com/open-voip-alliance/iOS-Phone-Lib.git

SPEC CHECKSUMS:
  Alamofire: 1c4fb5369c3fe93d2857c780d8bbe09f06f97e7c
  Amplitude: 710116f3539c225e86fb70a8abdcd20015683132
  Analytics: eefe524436f904b8bb3f8c8c3425280e43b34efc
  AnalyticsConnector: 4c386d5972ac9da86e22d668564dbbac97558754
  connectivity_plus: 413a8857dd5d9f1c399a39130850d02fe0feaf7e
  contacts_service: 849e1f84281804c8bfbec1b4c3eedcb23c5d3eca
  device_info: d7d233b645a32c40dfdc212de5cf646ca482f175
  Flutter: 50d75fe2f02b26cc09d224853bb45737f8b3214a
  flutter_libphonenumber: 6a23afdf063b34d1e53e6dbd6c6bc905d18e8e46
  flutter_phone_lib: 721c856fbb850eedcf1e6d00669580c10b737c2b
  flutter_segment: 9cdace39639298eb31ad1555e5916edf8f9fc6b8
  iOSVoIPLib: 3fc8b081e7bee4a561bdd1fbb098ec9ff6a6310d
  le: 6854003e293bf5b3cb822ef06971f1cc23a77eb9
  libphonenumber: bd14d5abfc5939ab0b0767234e2d8e2593af258e
  libPhoneNumber-iOS: 0a32a9525cf8744fe02c5206eb30d571e38f7d75
  linphone-sdk: 506c61b1eff916866e9c7a5265f8eadb2789e41f
  native_shared_preferences: 21a805f6149643c25a20a4f534692131faebadfe
  package_info: 873975fc26034f0b863a300ad47e7f1ac6c7ec62
  package_info_plus: 6c92f08e1f853dc01228d6f553146438dafcd14e
  path_provider_ios: 7d7ce634493af4477d156294792024ec3485acd5
  permission_handler: ccb20a9fad0ee9b1314a52b70b76b473c5f8dab0
  PhoneNumberKit: 441e8b26ec88d598e3591de9061eff18f5dd12e8
  PIL: a5e8bc3c52e98c374c2b68afd71b1b7703220425
  ReachabilitySwift: 985039c6f7b23a1da463388634119492ff86c825
  Segment-Amplitude: 6c1e59c8c278a21029ba7a6a788fcb31b9233a2c
  Sentry: 5c5dd4005f3b7b9765d5a8871232cddbd0d888b7
  sentry_flutter: 4cd99764f9fe01c9415790d1f3fb1c7fd3a5cbe9
  shared_preferences_ios: aef470a42dc4675a1cdd50e3158b42e3d1232b32
  sqlite3: c0ed2889f1853952214f34195c4a081a7a7a8015
  sqlite3_flutter_libs: 83a1fbbabdcee09e4e34511bb246136a8a97c9d6
  Swinject: ddf78b8486dd9b71a667b852cad919ab4484478e
  url_launcher_ios: 02f1989d4e14e998335b02b67a7590fa34f971af
  webview_flutter_wkwebview: 005fbd90c888a42c5690919a1527ecc6649e1162

PODFILE CHECKSUM: 2c4499325c824e82e2cb5d4975e405f846f6c507

COCOAPODS: 1.11.2
