PODS:
  - Alamofire (5.6.2)
  - Amplitude (8.13.0):
    - AnalyticsConnector (~> 1.0.0)
  - Analytics (4.1.6)
  - AnalyticsConnector (1.0.0)
  - AppsFlyerFramework (6.8.1):
    - AppsFlyerFramework/Main (= 6.8.1)
  - AppsFlyerFramework/Main (6.8.1)
  - connectivity_plus (0.0.1):
    - Flutter
    - ReachabilitySwift
  - contacts_service (0.2.2):
    - Flutter
  - device_info (0.0.1):
    - Flutter
  - fast_contacts (0.0.1):
    - Flutter
  - Flutter (1.0.0)
  - flutter_isolate (0.0.1):
    - Flutter
  - flutter_keyboard_visibility (0.0.1):
    - Flutter
  - flutter_libphonenumber (0.0.1):
    - Flutter
    - PhoneNumberKit/PhoneNumberKitCore (~> 3.3.3)
  - flutter_phone_lib (0.0.1):
    - Flutter
    - iOSPhoneLib
  - flutter_segment (3.12.1):
    - Analytics (= 4.1.6)
    - Flutter
    - Segment-Amplitude (= 3.3.2)
    - segment-appsflyer-ios (= 6.8.0)
  - in_app_review (0.2.0):
    - Flutter
  - integration_test (0.0.1):
    - Flutter
  - iOSPhoneLib (0.1.1):
    - linphone-sdk-novideo (= 5.1.58)
    - Swinject (~> 2.7.1)
  - le (1.2)
  - libphonenumber (0.0.1):
    - Flutter
    - libPhoneNumber-iOS
  - libPhoneNumber-iOS (0.9.15)
  - linphone-sdk-novideo (5.1.58):
    - linphone-sdk-novideo/all-frameworks (= 5.1.58)
    - linphone-sdk-novideo/app-extension (= 5.1.58)
    - linphone-sdk-novideo/app-extension-swift (= 5.1.58)
    - linphone-sdk-novideo/basic-frameworks (= 5.1.58)
    - linphone-sdk-novideo/swift (= 5.1.58)
  - linphone-sdk-novideo/all-frameworks (5.1.58)
  - linphone-sdk-novideo/app-extension (5.1.58)
  - linphone-sdk-novideo/app-extension-swift (5.1.58):
    - linphone-sdk-novideo/app-extension
  - linphone-sdk-novideo/basic-frameworks (5.1.58):
    - linphone-sdk-novideo/app-extension
  - linphone-sdk-novideo/swift (5.1.58):
    - linphone-sdk-novideo/app-extension-swift
    - linphone-sdk-novideo/basic-frameworks
  - native_shared_preferences (1.0.0):
    - Flutter
  - package_info (0.0.1):
    - Flutter
  - package_info_plus (0.4.5):
    - Flutter
  - path_provider_ios (0.0.1):
    - Flutter
  - permission_handler_apple (9.0.4):
    - Flutter
  - PhoneNumberKit/PhoneNumberKitCore (3.3.4)
  - ReachabilitySwift (5.0.0)
  - Segment-Amplitude (3.3.2):
    - Amplitude (~> 8.3)
    - Analytics
  - segment-appsflyer-ios (6.8.0):
    - Analytics
    - segment-appsflyer-ios/Main (= 6.8.0)
  - segment-appsflyer-ios/Main (6.8.0):
    - Analytics
    - AppsFlyerFramework (~> 6.8.0)
  - Sentry (7.23.0):
    - Sentry/Core (= 7.23.0)
  - Sentry/Core (7.23.0)
  - sentry_flutter (0.0.1):
    - Flutter
    - FlutterMacOS
    - Sentry (~> 7.23.0)
  - shared_preferences_ios (0.0.1):
    - Flutter
  - sqlite3 (3.39.3):
    - sqlite3/common (= 3.39.3)
  - sqlite3/common (3.39.3)
  - sqlite3/fts5 (3.39.3):
    - sqlite3/common
  - sqlite3/json1 (3.39.3):
    - sqlite3/common
  - sqlite3/perf-threadsafe (3.39.3):
    - sqlite3/common
  - sqlite3/rtree (3.39.3):
    - sqlite3/common
  - sqlite3_flutter_libs (0.0.1):
    - Flutter
    - sqlite3 (~> 3.39.2)
    - sqlite3/fts5
    - sqlite3/json1
    - sqlite3/perf-threadsafe
    - sqlite3/rtree
  - Swinject (2.7.1)
  - url_launcher_ios (0.0.1):
    - Flutter
  - webview_flutter_wkwebview (0.0.1):
    - Flutter

DEPENDENCIES:
  - Alamofire (~> 5.4)
  - Analytics (~> 4.1)
  - connectivity_plus (from `.symlinks/plugins/connectivity_plus/ios`)
  - contacts_service (from `.symlinks/plugins/contacts_service/ios`)
  - device_info (from `.symlinks/plugins/device_info/ios`)
  - fast_contacts (from `.symlinks/plugins/fast_contacts/ios`)
  - Flutter (from `Flutter`)
  - flutter_isolate (from `.symlinks/plugins/flutter_isolate/ios`)
  - flutter_keyboard_visibility (from `.symlinks/plugins/flutter_keyboard_visibility/ios`)
  - flutter_libphonenumber (from `.symlinks/plugins/flutter_libphonenumber/ios`)
  - flutter_phone_lib (from `.symlinks/plugins/flutter_phone_lib/ios`)
  - flutter_segment (from `.symlinks/plugins/flutter_segment/ios`)
  - in_app_review (from `.symlinks/plugins/in_app_review/ios`)
  - integration_test (from `.symlinks/plugins/integration_test/ios`)
  - iOSPhoneLib (from `https://github.com/open-voip-alliance/iOS-Phone-Lib.git`)
  - le (from `https://github.com/LogentriesCommunity/le_ios.git`)
  - libphonenumber (from `.symlinks/plugins/libphonenumber/ios`)
  - native_shared_preferences (from `.symlinks/plugins/native_shared_preferences/ios`)
  - package_info (from `.symlinks/plugins/package_info/ios`)
  - package_info_plus (from `.symlinks/plugins/package_info_plus/ios`)
  - path_provider_ios (from `.symlinks/plugins/path_provider_ios/ios`)
  - permission_handler_apple (from `.symlinks/plugins/permission_handler_apple/ios`)
  - sentry_flutter (from `.symlinks/plugins/sentry_flutter/ios`)
  - shared_preferences_ios (from `.symlinks/plugins/shared_preferences_ios/ios`)
  - sqlite3_flutter_libs (from `.symlinks/plugins/sqlite3_flutter_libs/ios`)
  - url_launcher_ios (from `.symlinks/plugins/url_launcher_ios/ios`)
  - webview_flutter_wkwebview (from `.symlinks/plugins/webview_flutter_wkwebview/ios`)

SPEC REPOS:
  https://github.com/CocoaPods/Specs.git:
    - Alamofire
    - Amplitude
    - Analytics
    - AnalyticsConnector
    - AppsFlyerFramework
    - libPhoneNumber-iOS
    - PhoneNumberKit
    - ReachabilitySwift
    - Segment-Amplitude
    - segment-appsflyer-ios
    - Sentry
    - sqlite3
    - Swinject
  https://gitlab.linphone.org/BC/public/podspec.git:
    - linphone-sdk-novideo

EXTERNAL SOURCES:
  connectivity_plus:
    :path: ".symlinks/plugins/connectivity_plus/ios"
  contacts_service:
    :path: ".symlinks/plugins/contacts_service/ios"
  device_info:
    :path: ".symlinks/plugins/device_info/ios"
  fast_contacts:
    :path: ".symlinks/plugins/fast_contacts/ios"
  Flutter:
    :path: Flutter
  flutter_isolate:
    :path: ".symlinks/plugins/flutter_isolate/ios"
  flutter_keyboard_visibility:
    :path: ".symlinks/plugins/flutter_keyboard_visibility/ios"
  flutter_libphonenumber:
    :path: ".symlinks/plugins/flutter_libphonenumber/ios"
  flutter_phone_lib:
    :path: ".symlinks/plugins/flutter_phone_lib/ios"
  flutter_segment:
    :path: ".symlinks/plugins/flutter_segment/ios"
  in_app_review:
    :path: ".symlinks/plugins/in_app_review/ios"
  integration_test:
    :path: ".symlinks/plugins/integration_test/ios"
  iOSPhoneLib:
    :git: https://github.com/open-voip-alliance/iOS-Phone-Lib.git
  le:
    :git: https://github.com/LogentriesCommunity/le_ios.git
  libphonenumber:
    :path: ".symlinks/plugins/libphonenumber/ios"
  native_shared_preferences:
    :path: ".symlinks/plugins/native_shared_preferences/ios"
  package_info:
    :path: ".symlinks/plugins/package_info/ios"
  package_info_plus:
    :path: ".symlinks/plugins/package_info_plus/ios"
  path_provider_ios:
    :path: ".symlinks/plugins/path_provider_ios/ios"
  permission_handler_apple:
    :path: ".symlinks/plugins/permission_handler_apple/ios"
  sentry_flutter:
    :path: ".symlinks/plugins/sentry_flutter/ios"
  shared_preferences_ios:
    :path: ".symlinks/plugins/shared_preferences_ios/ios"
  sqlite3_flutter_libs:
    :path: ".symlinks/plugins/sqlite3_flutter_libs/ios"
  url_launcher_ios:
    :path: ".symlinks/plugins/url_launcher_ios/ios"
  webview_flutter_wkwebview:
    :path: ".symlinks/plugins/webview_flutter_wkwebview/ios"

CHECKOUT OPTIONS:
  iOSPhoneLib:
    :commit: fb3467896a4800a5fb5fae45e1d862686dc472d2
    :git: https://github.com/open-voip-alliance/iOS-Phone-Lib.git
  le:
    :commit: ce8800f6d3290e182d48082680679d64a05ca778
    :git: https://github.com/LogentriesCommunity/le_ios.git

SPEC CHECKSUMS:
  Alamofire: d368e1ff8a298e6dde360e35a3e68e6c610e7204
  Amplitude: 0a239d682bc9ec1eb7a7b318af2541130ecd4bd3
  Analytics: eefe524436f904b8bb3f8c8c3425280e43b34efc
  AnalyticsConnector: 4c386d5972ac9da86e22d668564dbbac97558754
  AppsFlyerFramework: a664325124485223296354b4eec335f5340a6df8
  connectivity_plus: 413a8857dd5d9f1c399a39130850d02fe0feaf7e
  contacts_service: 849e1f84281804c8bfbec1b4c3eedcb23c5d3eca
  device_info: d7d233b645a32c40dfdc212de5cf646ca482f175
  fast_contacts: d5f0da976a40f8fd07a9ff730c2e9bee8c3898dd
  Flutter: f04841e97a9d0b0a8025694d0796dd46242b2854
  flutter_isolate: 0edf5081826d071adf21759d1eb10ff5c24503b5
  flutter_keyboard_visibility: 0339d06371254c3eb25eeb90ba8d17dca8f9c069
  flutter_libphonenumber: 6a23afdf063b34d1e53e6dbd6c6bc905d18e8e46
  flutter_phone_lib: 060b342f95c63f9e07e1577f76db7e06f349ef8a
  flutter_segment: 367b7d9f7d74b3875198524ff4d24c381d93e317
  in_app_review: 4a97249f7a2f539a0f294c2d9196b7fe35e49541
  integration_test: a1e7d09bd98eca2fc37aefd79d4f41ad37bdbbe5
  iOSPhoneLib: 89ccda35bd20ead65f3db0ccf683a87bf785ba7c
  le: 6854003e293bf5b3cb822ef06971f1cc23a77eb9
  libphonenumber: bd14d5abfc5939ab0b0767234e2d8e2593af258e
  libPhoneNumber-iOS: 0a32a9525cf8744fe02c5206eb30d571e38f7d75
  linphone-sdk-novideo: 0aa44c6d9750db25a2a799377296b5487838d5e2
  native_shared_preferences: 21a805f6149643c25a20a4f534692131faebadfe
  package_info: 873975fc26034f0b863a300ad47e7f1ac6c7ec62
  package_info_plus: 6c92f08e1f853dc01228d6f553146438dafcd14e
  path_provider_ios: 14f3d2fd28c4fdb42f44e0f751d12861c43cee02
  permission_handler_apple: 44366e37eaf29454a1e7b1b7d736c2cceaeb17ce
  PhoneNumberKit: 441e8b26ec88d598e3591de9061eff18f5dd12e8
  ReachabilitySwift: 985039c6f7b23a1da463388634119492ff86c825
  Segment-Amplitude: 6c1e59c8c278a21029ba7a6a788fcb31b9233a2c
  segment-appsflyer-ios: 9b84c1b7f94bb7a3c5826c9214cd0630b831e208
  Sentry: a0d4563fa4ddacba31fdcc35daaa8573d87224d6
  sentry_flutter: 8bde7d0e57a721727fe573f13bb292c497b5a249
  shared_preferences_ios: 548a61f8053b9b8a49ac19c1ffbc8b92c50d68ad
  sqlite3: 50117e9e063a9ef2b865f7bdf2f2601e5d368e9a
  sqlite3_flutter_libs: 1641350489d5c2bcb9d0773ade9693624111b24c
  Swinject: ddf78b8486dd9b71a667b852cad919ab4484478e
  url_launcher_ios: 839c58cdb4279282219f5e248c3321761ff3c4de
  webview_flutter_wkwebview: b7e70ef1ddded7e69c796c7390ee74180182971f

PODFILE CHECKSUM: 5cbde205bc638a60e6eaf1140e9808670c3b3178

COCOAPODS: 1.11.3
