PODS:
  - Alamofire (5.9.1)
  - Amplitude (8.20.0):
    - AnalyticsConnector (~> 1.0.0)
  - Analytics (4.1.6)
  - AnalyticsConnector (1.0.3)
  - AppsFlyerFramework (6.10.1):
    - AppsFlyerFramework/Main (= 6.10.1)
  - AppsFlyerFramework/Main (6.10.1)
  - connection_network_type (0.0.1):
    - Flutter
    - ReachabilitySwift
  - connectivity_plus (0.0.1):
    - Flutter
    - ReachabilitySwift
  - country_codes (0.0.1):
    - Flutter
  - device_info_plus (0.0.1):
    - Flutter
  - Flutter (1.0.0)
  - flutter_contacts (0.0.1):
    - Flutter
  - flutter_inappwebview_ios (0.0.1):
    - Flutter
    - flutter_inappwebview_ios/Core (= 0.0.1)
    - OrderedSet (~> 5.0)
  - flutter_inappwebview_ios/Core (0.0.1):
    - Flutter
    - OrderedSet (~> 5.0)
  - flutter_keyboard_visibility (0.0.1):
    - Flutter
  - flutter_libphonenumber_ios (1.1.4):
    - Flutter
    - PhoneNumberKit/PhoneNumberKitCore (= 3.7.9)
  - flutter_phone_lib (0.0.1):
    - Flutter
    - iOSPhoneLib (= 0.1.14)
  - flutter_segment_sdk (3.13.1):
    - Analytics (= 4.1.6)
    - Flutter
    - Segment-Amplitude (= 3.3.2)
    - segment-appsflyer-ios (= 6.10.1)
  - in_app_review (0.2.0):
    - Flutter
  - integration_test (0.0.1):
    - Flutter
  - iOSPhoneLib (0.1.14):
    - Swinject (~> 2.8.2)
  - le (1.2)
  - libphonenumber (0.0.1):
    - Flutter
    - libPhoneNumber-iOS
  - libPhoneNumber-iOS (0.9.15)
  - OrderedSet (5.0.0)
  - package_info_plus (0.4.5):
    - Flutter
  - path_provider_foundation (0.0.1):
    - Flutter
    - FlutterMacOS
  - permission_handler_apple (9.3.0):
    - Flutter
  - PhoneNumberKit/PhoneNumberKitCore (3.7.9)
  - ReachabilitySwift (5.2.3)
  - Segment-Amplitude (3.3.2):
    - Amplitude (~> 8.3)
    - Analytics
  - segment-appsflyer-ios (6.10.1):
    - Analytics
    - segment-appsflyer-ios/Main (= 6.10.1)
  - segment-appsflyer-ios/Main (6.10.1):
    - Analytics
    - AppsFlyerFramework (= 6.10.1)
  - Sentry/HybridSDK (8.25.0)
  - sentry_flutter (7.20.2):
    - Flutter
    - FlutterMacOS
    - Sentry/HybridSDK (= 8.25.0)
  - shared_preferences_foundation (0.0.1):
    - Flutter
    - FlutterMacOS
  - "sqlite3 (3.46.1+1)":
    - "sqlite3/common (= 3.46.1+1)"
  - "sqlite3/common (3.46.1+1)"
  - "sqlite3/dbstatvtab (3.46.1+1)":
    - sqlite3/common
  - "sqlite3/fts5 (3.46.1+1)":
    - sqlite3/common
  - "sqlite3/perf-threadsafe (3.46.1+1)":
    - sqlite3/common
  - "sqlite3/rtree (3.46.1+1)":
    - sqlite3/common
  - sqlite3_flutter_libs (0.0.1):
    - Flutter
    - "sqlite3 (~> 3.46.0+1)"
    - sqlite3/dbstatvtab
    - sqlite3/fts5
    - sqlite3/perf-threadsafe
    - sqlite3/rtree
  - Swinject (2.8.8)
  - url_launcher_ios (0.0.1):
    - Flutter

DEPENDENCIES:
  - Alamofire (~> 5.4)
  - Analytics (~> 4.1)
  - connection_network_type (from `.symlinks/plugins/connection_network_type/ios`)
  - connectivity_plus (from `.symlinks/plugins/connectivity_plus/ios`)
  - country_codes (from `.symlinks/plugins/country_codes/ios`)
  - device_info_plus (from `.symlinks/plugins/device_info_plus/ios`)
  - Flutter (from `Flutter`)
  - flutter_contacts (from `.symlinks/plugins/flutter_contacts/ios`)
  - flutter_inappwebview_ios (from `.symlinks/plugins/flutter_inappwebview_ios/ios`)
  - flutter_keyboard_visibility (from `.symlinks/plugins/flutter_keyboard_visibility/ios`)
  - flutter_libphonenumber_ios (from `.symlinks/plugins/flutter_libphonenumber_ios/ios`)
  - flutter_phone_lib (from `.symlinks/plugins/flutter_phone_lib/ios`)
  - flutter_segment_sdk (from `.symlinks/plugins/flutter_segment_sdk/ios`)
  - in_app_review (from `.symlinks/plugins/in_app_review/ios`)
  - integration_test (from `.symlinks/plugins/integration_test/ios`)
  - le (from `https://github.com/LogentriesCommunity/le_ios.git`)
  - libphonenumber (from `.symlinks/plugins/libphonenumber/ios`)
  - package_info_plus (from `.symlinks/plugins/package_info_plus/ios`)
  - path_provider_foundation (from `.symlinks/plugins/path_provider_foundation/darwin`)
  - permission_handler_apple (from `.symlinks/plugins/permission_handler_apple/ios`)
  - sentry_flutter (from `.symlinks/plugins/sentry_flutter/ios`)
  - shared_preferences_foundation (from `.symlinks/plugins/shared_preferences_foundation/darwin`)
  - sqlite3_flutter_libs (from `.symlinks/plugins/sqlite3_flutter_libs/ios`)
  - url_launcher_ios (from `.symlinks/plugins/url_launcher_ios/ios`)

SPEC REPOS:
  https://github.com/CocoaPods/Specs.git:
    - Alamofire
    - Amplitude
    - Analytics
    - AnalyticsConnector
    - AppsFlyerFramework
    - iOSPhoneLib
    - libPhoneNumber-iOS
    - OrderedSet
    - PhoneNumberKit
    - ReachabilitySwift
    - Segment-Amplitude
    - segment-appsflyer-ios
    - Sentry
    - sqlite3
    - Swinject

EXTERNAL SOURCES:
  connection_network_type:
    :path: ".symlinks/plugins/connection_network_type/ios"
  connectivity_plus:
    :path: ".symlinks/plugins/connectivity_plus/ios"
  country_codes:
    :path: ".symlinks/plugins/country_codes/ios"
  device_info_plus:
    :path: ".symlinks/plugins/device_info_plus/ios"
  Flutter:
    :path: Flutter
  flutter_contacts:
    :path: ".symlinks/plugins/flutter_contacts/ios"
  flutter_inappwebview_ios:
    :path: ".symlinks/plugins/flutter_inappwebview_ios/ios"
  flutter_keyboard_visibility:
    :path: ".symlinks/plugins/flutter_keyboard_visibility/ios"
  flutter_libphonenumber_ios:
    :path: ".symlinks/plugins/flutter_libphonenumber_ios/ios"
  flutter_phone_lib:
    :path: ".symlinks/plugins/flutter_phone_lib/ios"
  flutter_segment_sdk:
    :path: ".symlinks/plugins/flutter_segment_sdk/ios"
  in_app_review:
    :path: ".symlinks/plugins/in_app_review/ios"
  integration_test:
    :path: ".symlinks/plugins/integration_test/ios"
  le:
    :git: https://github.com/LogentriesCommunity/le_ios.git
  libphonenumber:
    :path: ".symlinks/plugins/libphonenumber/ios"
  package_info_plus:
    :path: ".symlinks/plugins/package_info_plus/ios"
  path_provider_foundation:
    :path: ".symlinks/plugins/path_provider_foundation/darwin"
  permission_handler_apple:
    :path: ".symlinks/plugins/permission_handler_apple/ios"
  sentry_flutter:
    :path: ".symlinks/plugins/sentry_flutter/ios"
  shared_preferences_foundation:
    :path: ".symlinks/plugins/shared_preferences_foundation/darwin"
  sqlite3_flutter_libs:
    :path: ".symlinks/plugins/sqlite3_flutter_libs/ios"
  url_launcher_ios:
    :path: ".symlinks/plugins/url_launcher_ios/ios"

CHECKOUT OPTIONS:
  le:
    :commit: ce8800f6d3290e182d48082680679d64a05ca778
    :git: https://github.com/LogentriesCommunity/le_ios.git

SPEC CHECKSUMS:
  Alamofire: f36a35757af4587d8e4f4bfa223ad10be2422b8c
  Amplitude: ff1f937ebc56d1bd59067ed306e31b37a54535b6
  Analytics: eefe524436f904b8bb3f8c8c3425280e43b34efc
  AnalyticsConnector: a53214d38ae22734c6266106c0492b37832633a9
  AppsFlyerFramework: 88a6eed37ad52bcee4ad74232efa8e22809d06c9
  connection_network_type: 160e62717f4cfc913811aa4e4ccf7f4e60497936
  connectivity_plus: bf0076dd84a130856aa636df1c71ccaff908fa1d
  country_codes: b0900f46ad686281d5dab438e354e44ad10f5941
  device_info_plus: c6fb39579d0f423935b0c9ce7ee2f44b71b9fce6
  Flutter: e0871f40cf51350855a761d2e70bf5af5b9b5de7
  flutter_contacts: edb1c5ce76aa433e20e6cb14c615f4c0b66e0983
  flutter_inappwebview_ios: 97215cf7d4677db55df76782dbd2930c5e1c1ea0
  flutter_keyboard_visibility: 0339d06371254c3eb25eeb90ba8d17dca8f9c069
  flutter_libphonenumber_ios: eb22e6f6e97c9604805f00bff961ca397071dfdc
  flutter_phone_lib: 6e4b565c8833cd6faba845af95a4faa5f07d3c37
  flutter_segment_sdk: 1f10af57ddcee29dedf01bb37800f8301c89b307
  in_app_review: 318597b3a06c22bb46dc454d56828c85f444f99d
  integration_test: 252f60fa39af5e17c3aa9899d35d908a0721b573
  iOSPhoneLib: 76b485a5adca6b728c5c791ea41da1b5c40b8791
  le: 6854003e293bf5b3cb822ef06971f1cc23a77eb9
  libphonenumber: bd14d5abfc5939ab0b0767234e2d8e2593af258e
  libPhoneNumber-iOS: 0a32a9525cf8744fe02c5206eb30d571e38f7d75
  OrderedSet: aaeb196f7fef5a9edf55d89760da9176ad40b93c
  package_info_plus: 115f4ad11e0698c8c1c5d8a689390df880f47e85
  path_provider_foundation: 2b6b4c569c0fb62ec74538f866245ac84301af46
  permission_handler_apple: 9878588469a2b0d0fc1e048d9f43605f92e6cec2
  PhoneNumberKit: 9c8d546d65c3784721d575a29e712ae8b992fe79
  ReachabilitySwift: 7f151ff156cea1481a8411701195ac6a984f4979
  Segment-Amplitude: 6c1e59c8c278a21029ba7a6a788fcb31b9233a2c
  segment-appsflyer-ios: 98124c817857be032697c92f613be97404a4c330
  Sentry: cd86fc55628f5b7c572cabe66cc8f95a9d2f165a
  sentry_flutter: 0cf2507eb90ff7a6aa3304e900dd7f08edbbefdf
  shared_preferences_foundation: fcdcbc04712aee1108ac7fda236f363274528f78
  sqlite3: 0bb0e6389d824e40296f531b858a2a0b71c0d2fb
  sqlite3_flutter_libs: c00457ebd31e59fa6bb830380ddba24d44fbcd3b
  Swinject: 2943463cdd58b49f114213bf1ce4a09f374828e7
  url_launcher_ios: 5334b05cef931de560670eeae103fd3e431ac3fe

PODFILE CHECKSUM: 032cde1468c34f63b26277a63a11923a797af4fd

COCOAPODS: 1.15.2
