<?xml version="1.0" encoding="UTF-8"?>
<Scheme
   LastUpgradeVersion = "1510"
   version = "1.7">
   <BuildAction
      parallelizeBuildables = "YES"
      buildImplicitDependencies = "YES">
      <PreActions>
         <ExecutionAction
            ActionType = "Xcode.IDEStandardExecutionActionsCore.ExecutionActionType.ShellScriptAction">
            <ActionContent
               title = "Run Script"
               scriptText = "# Function to decode base64-encoded string&#10;function entry_decode() { echo &quot;${*}&quot; | base64 --decode; }&#10;&#10;# Read the contents of DART_DEFINES into an array&#10;IFS=&apos;,&apos; read -r -a define_items &lt;&lt;&lt; &quot;$DART_DEFINES&quot;&#10;&#10;# Create an empty array to store the lines that should be printed&#10;output_items=()&#10;&#10;# Loop through the array and decode each item&#10;for index in &quot;${!define_items[@]}&quot;&#10;do&#10;    # Decode the base64-encoded string&#10;    decoded_value=$(entry_decode &quot;${define_items[$index]}&quot;)&#10;    &#10;    # Exclude specific lines&#10;    if [[ &quot;$decoded_value&quot; != *&quot;flutter.inspector.structuredErrors=true&quot;* &amp;&amp; &quot;$decoded_value&quot; != *&quot;FLUTTER_WEB_AUTO_DETECT=true&quot;* &amp;&amp; &quot;$decoded_value&quot; != *&quot;FLUTTER_WEB_CANVASKIT_URL=&quot;* ]]; then&#10;        # Add the decoded value to the output array&#10;        output_items+=(&quot;$decoded_value&quot;)&#10;    fi&#10;done&#10;&#10;# Print the non-empty items to the Xcode configuration file&#10;printf &quot;%s\n&quot; &quot;${output_items[@]}&quot; &gt; &quot;${SRCROOT}/Flutter/nativeDefines.xcconfig&quot;&#10;&#10;&quot;$FLUTTER_ROOT/bin/cache/dart-sdk/bin/dart&quot; &quot;$SRCROOT/Scripts/brand.dart&quot;&#10;&quot;$FLUTTER_ROOT/bin/cache/dart-sdk/bin/dart&quot; &quot;$SRCROOT/Scripts/env.dart&quot;&#10;">
               <EnvironmentBuildable>
                  <BuildableReference
                     BuildableIdentifier = "primary"
                     BlueprintIdentifier = "97C146ED1CF9000F007C117D"
                     BuildableName = "Runner.app"
                     BlueprintName = "Runner"
                     ReferencedContainer = "container:Runner.xcodeproj">
                  </BuildableReference>
               </EnvironmentBuildable>
            </ActionContent>
         </ExecutionAction>
      </PreActions>
      <BuildActionEntries>
         <BuildActionEntry
            buildForTesting = "YES"
            buildForRunning = "YES"
            buildForProfiling = "YES"
            buildForArchiving = "YES"
            buildForAnalyzing = "YES">
            <BuildableReference
               BuildableIdentifier = "primary"
               BlueprintIdentifier = "97C146ED1CF9000F007C117D"
               BuildableName = "Runner.app"
               BlueprintName = "Runner"
               ReferencedContainer = "container:Runner.xcodeproj">
            </BuildableReference>
         </BuildActionEntry>
      </BuildActionEntries>
   </BuildAction>
   <TestAction
      buildConfiguration = "Debug"
      selectedDebuggerIdentifier = "Xcode.DebuggerFoundation.Debugger.LLDB"
      selectedLauncherIdentifier = "Xcode.DebuggerFoundation.Launcher.LLDB"
      shouldUseLaunchSchemeArgsEnv = "YES">
      <MacroExpansion>
         <BuildableReference
            BuildableIdentifier = "primary"
            BlueprintIdentifier = "97C146ED1CF9000F007C117D"
            BuildableName = "Runner.app"
            BlueprintName = "Runner"
            ReferencedContainer = "container:Runner.xcodeproj">
         </BuildableReference>
      </MacroExpansion>
      <Testables>
         <TestableReference
            skipped = "NO">
            <BuildableReference
               BuildableIdentifier = "primary"
               BlueprintIdentifier = "DEEAB7CB2706025D0005EFE9"
               BuildableName = "RunnerTests.xctest"
               BlueprintName = "RunnerTests"
               ReferencedContainer = "container:Runner.xcodeproj">
            </BuildableReference>
         </TestableReference>
      </Testables>
   </TestAction>
   <LaunchAction
      buildConfiguration = "Debug"
      selectedDebuggerIdentifier = "Xcode.DebuggerFoundation.Debugger.LLDB"
      selectedLauncherIdentifier = "Xcode.DebuggerFoundation.Launcher.LLDB"
      launchStyle = "0"
      useCustomWorkingDirectory = "NO"
      ignoresPersistentStateOnLaunch = "NO"
      debugDocumentVersioning = "YES"
      debugServiceExtension = "internal"
      allowLocationSimulation = "YES">
      <BuildableProductRunnable
         runnableDebuggingMode = "0">
         <BuildableReference
            BuildableIdentifier = "primary"
            BlueprintIdentifier = "97C146ED1CF9000F007C117D"
            BuildableName = "Runner.app"
            BlueprintName = "Runner"
            ReferencedContainer = "container:Runner.xcodeproj">
         </BuildableReference>
      </BuildableProductRunnable>
   </LaunchAction>
   <ProfileAction
      buildConfiguration = "Profile"
      shouldUseLaunchSchemeArgsEnv = "YES"
      savedToolIdentifier = ""
      useCustomWorkingDirectory = "NO"
      debugDocumentVersioning = "YES">
      <BuildableProductRunnable
         runnableDebuggingMode = "0">
         <BuildableReference
            BuildableIdentifier = "primary"
            BlueprintIdentifier = "97C146ED1CF9000F007C117D"
            BuildableName = "Runner.app"
            BlueprintName = "Runner"
            ReferencedContainer = "container:Runner.xcodeproj">
         </BuildableReference>
      </BuildableProductRunnable>
   </ProfileAction>
   <AnalyzeAction
      buildConfiguration = "Debug">
   </AnalyzeAction>
   <ArchiveAction
      buildConfiguration = "Release"
      revealArchiveInOrganizer = "YES">
   </ArchiveAction>
</Scheme>
